// !$*UTF8*$!
{
	archiveVersion = 1;
	classes = {
	};
	objectVersion = 46;
	objects = {

/* Begin PBXBuildFile section */
		3597132E1B48A8CA00976153 /* icon@2x.png in Resources */ = {isa = PBXBuildFile; fileRef = 3597132D1B48A8CA00976153 /* icon@2x.png */; };
		359713301B48B0B800976153 /* color_pink@2x.png in Resources */ = {isa = PBXBuildFile; fileRef = 3597132F1B48B0B800976153 /* color_pink@2x.png */; };
		359713331B48B28700976153 /* Answer.storyboard in Resources */ = {isa = PBXBuildFile; fileRef = 359713321B48B28700976153 /* Answer.storyboard */; };
		359713351B48B55800976153 /* OhakoReceivedViewController.swift in Sources */ = {isa = PBXBuildFile; fileRef = 359713341B48B55800976153 /* OhakoReceivedViewController.swift */; };
		359713371B48BB3200976153 /* AnswerViewController.swift in Sources */ = {isa = PBXBuildFile; fileRef = 359713361B48BB3200976153 /* AnswerViewController.swift */; };
		359713401B48C22E00976153 /* main_ballon_bg@2x.png in Resources */ = {isa = PBXBuildFile; fileRef = 359713381B48C22E00976153 /* main_ballon_bg@2x.png */; };
		359713411B48C22E00976153 /* main_bg@2x.png in Resources */ = {isa = PBXBuildFile; fileRef = 359713391B48C22E00976153 /* main_bg@2x.png */; };
		359713421B48C22E00976153 /* main_mock.png in Resources */ = {isa = PBXBuildFile; fileRef = 3597133A1B48C22E00976153 /* main_mock.png */; };
		359713431B48C22E00976153 /* main_ohako_list_button@2x.png in Resources */ = {isa = PBXBuildFile; fileRef = 3597133B1B48C22E00976153 /* main_ohako_list_button@2x.png */; };
		359713441B48C22E00976153 /* receive_ohako_dialog_bg@2x.png in Resources */ = {isa = PBXBuildFile; fileRef = 3597133C1B48C22E00976153 /* receive_ohako_dialog_bg@2x.png */; };
		359713451B48C22E00976153 /* receive_ohako_dialog_cancel_button@2x.png in Resources */ = {isa = PBXBuildFile; fileRef = 3597133D1B48C22E00976153 /* receive_ohako_dialog_cancel_button@2x.png */; };
		359713461B48C22E00976153 /* receive_ohako_dialog_mock.png in Resources */ = {isa = PBXBuildFile; fileRef = 3597133E1B48C22E00976153 /* receive_ohako_dialog_mock.png */; };
		359713471B48C22E00976153 /* receive_ohako_dialog_open_button@2x.png in Resources */ = {isa = PBXBuildFile; fileRef = 3597133F1B48C22E00976153 /* receive_ohako_dialog_open_button@2x.png */; };
		359713491B48CB3A00976153 /* MainRootView.swift in Sources */ = {isa = PBXBuildFile; fileRef = 359713481B48CB3A00976153 /* MainRootView.swift */; };
		3597134B1B48CBE700976153 /* Friend.swift in Sources */ = {isa = PBXBuildFile; fileRef = 3597134A1B48CBE700976153 /* Friend.swift */; };
		3597134D1B48D3FA00976153 /* Splash@2x.png in Resources */ = {isa = PBXBuildFile; fileRef = 3597134C1B48D3FA00976153 /* Splash@2x.png */; };
		359713511B48D7A100976153 /* kentei_bg@2x.png in Resources */ = {isa = PBXBuildFile; fileRef = 3597134E1B48D7A100976153 /* kentei_bg@2x.png */; };
		359713521B48D7A100976153 /* kentei_count_down_bg@2x.png in Resources */ = {isa = PBXBuildFile; fileRef = 3597134F1B48D7A100976153 /* kentei_count_down_bg@2x.png */; };
		359713531B48D7A100976153 /* kentei_count_icon@2x.png in Resources */ = {isa = PBXBuildFile; fileRef = 359713501B48D7A100976153 /* kentei_count_icon@2x.png */; };
		359713551B48DA2000976153 /* FriendBalloonView.xib in Resources */ = {isa = PBXBuildFile; fileRef = 359713541B48DA2000976153 /* FriendBalloonView.xib */; };
		359713571B48DB0A00976153 /* FriendBalloonView.swift in Sources */ = {isa = PBXBuildFile; fileRef = 359713561B48DB0A00976153 /* FriendBalloonView.swift */; };
		359713591B48DB7000976153 /* QuartzCore.framework in Frameworks */ = {isa = PBXBuildFile; fileRef = 359713581B48DB7000976153 /* QuartzCore.framework */; };
		35AF74431B488FBD003E7D88 /* AutoScaleView.swift in Sources */ = {isa = PBXBuildFile; fileRef = 35AF74421B488FBD003E7D88 /* AutoScaleView.swift */; };
		35AF744E1B4895BB003E7D88 /* ohako_kentei_setting_1_button_default@2x.png in Resources */ = {isa = PBXBuildFile; fileRef = 35AF74441B4895BB003E7D88 /* ohako_kentei_setting_1_button_default@2x.png */; };
		35AF744F1B4895BB003E7D88 /* ohako_kentei_setting_1_button_selected@2x.png in Resources */ = {isa = PBXBuildFile; fileRef = 35AF74451B4895BB003E7D88 /* ohako_kentei_setting_1_button_selected@2x.png */; };
		35AF74501B4895BB003E7D88 /* ohako_kentei_setting_2_button_default@2x.png in Resources */ = {isa = PBXBuildFile; fileRef = 35AF74461B4895BB003E7D88 /* ohako_kentei_setting_2_button_default@2x.png */; };
		35AF74511B4895BB003E7D88 /* ohako_kentei_setting_2_button_selected@2x.png in Resources */ = {isa = PBXBuildFile; fileRef = 35AF74471B4895BB003E7D88 /* ohako_kentei_setting_2_button_selected@2x.png */; };
		35AF74521B4895BB003E7D88 /* ohako_kentei_setting_3_button_default@2x.png in Resources */ = {isa = PBXBuildFile; fileRef = 35AF74481B4895BB003E7D88 /* ohako_kentei_setting_3_button_default@2x.png */; };
		35AF74531B4895BB003E7D88 /* ohako_kentei_setting_3_button_selected@2x.png in Resources */ = {isa = PBXBuildFile; fileRef = 35AF74491B4895BB003E7D88 /* ohako_kentei_setting_3_button_selected@2x.png */; };
		35AF74541B4895BB003E7D88 /* ohako_kentei_setting_bg@2x.png in Resources */ = {isa = PBXBuildFile; fileRef = 35AF744A1B4895BB003E7D88 /* ohako_kentei_setting_bg@2x.png */; };
		35AF74551B4895BB003E7D88 /* ohako_kentei_setting_close_button@2x.png in Resources */ = {isa = PBXBuildFile; fileRef = 35AF744B1B4895BB003E7D88 /* ohako_kentei_setting_close_button@2x.png */; };
		35AF74561B4895BB003E7D88 /* ohako_kentei_setting_mock.png in Resources */ = {isa = PBXBuildFile; fileRef = 35AF744C1B4895BB003E7D88 /* ohako_kentei_setting_mock.png */; };
		35AF74571B4895BB003E7D88 /* ohako_kentei_setting_ok_button@2x.png in Resources */ = {isa = PBXBuildFile; fileRef = 35AF744D1B4895BB003E7D88 /* ohako_kentei_setting_ok_button@2x.png */; };
		35AF74591B489DDF003E7D88 /* QuizRankChoiceView.swift in Sources */ = {isa = PBXBuildFile; fileRef = 35AF74581B489DDF003E7D88 /* QuizRankChoiceView.swift */; };
		35AF745B1B489DF2003E7D88 /* QuizRankChoiceView.xib in Resources */ = {isa = PBXBuildFile; fileRef = 35AF745A1B489DF2003E7D88 /* QuizRankChoiceView.xib */; };
		35B177401B481527000FD71A /* Api.swift in Sources */ = {isa = PBXBuildFile; fileRef = 35B1773F1B481527000FD71A /* Api.swift */; };
		35B177421B48189B000FD71A /* SetQuizViewController.swift in Sources */ = {isa = PBXBuildFile; fileRef = 35B177411B48189B000FD71A /* SetQuizViewController.swift */; };
		35B177441B482071000FD71A /* SetRankViewController.swift in Sources */ = {isa = PBXBuildFile; fileRef = 35B177431B482071000FD71A /* SetRankViewController.swift */; };
		35B177461B4823A1000FD71A /* User.swift in Sources */ = {isa = PBXBuildFile; fileRef = 35B177451B4823A1000FD71A /* User.swift */; };
		35B177481B484340000FD71A /* Quiz.swift in Sources */ = {isa = PBXBuildFile; fileRef = 35B177471B484340000FD71A /* Quiz.swift */; };
		35B1774A1B4846A9000FD71A /* MyQuizUpdatedEvent.swift in Sources */ = {isa = PBXBuildFile; fileRef = 35B177491B4846A9000FD71A /* MyQuizUpdatedEvent.swift */; };
		35EE1FFE1B45768B00C92DE4 /* Images.xcassets in Resources */ = {isa = PBXBuildFile; fileRef = 35EE1FFD1B45768B00C92DE4 /* Images.xcassets */; };
		35EE200D1B45768B00C92DE4 /* spajamTests.swift in Sources */ = {isa = PBXBuildFile; fileRef = 35EE200C1B45768B00C92DE4 /* spajamTests.swift */; };
		35EE201A1B457B2C00C92DE4 /* AppDelegate.swift in Sources */ = {isa = PBXBuildFile; fileRef = 35EE20171B457B2C00C92DE4 /* AppDelegate.swift */; };
		35EE20251B457BCA00C92DE4 /* AutoLayoutUtil.swift in Sources */ = {isa = PBXBuildFile; fileRef = 35EE20221B457BCA00C92DE4 /* AutoLayoutUtil.swift */; };
		35EE20261B457BCA00C92DE4 /* FileUtil.swift in Sources */ = {isa = PBXBuildFile; fileRef = 35EE20231B457BCA00C92DE4 /* FileUtil.swift */; };
		35EE20271B457BCA00C92DE4 /* ViewUtil.swift in Sources */ = {isa = PBXBuildFile; fileRef = 35EE20241B457BCA00C92DE4 /* ViewUtil.swift */; };
		35EE20511B457BD300C92DE4 /* PhotoUtil.swift in Sources */ = {isa = PBXBuildFile; fileRef = 35EE20291B457BD300C92DE4 /* PhotoUtil.swift */; };
		35EE20521B457BD300C92DE4 /* AbstractEvent.swift in Sources */ = {isa = PBXBuildFile; fileRef = 35EE202B1B457BD300C92DE4 /* AbstractEvent.swift */; };
		35EE20531B457BD300C92DE4 /* EventBus.swift in Sources */ = {isa = PBXBuildFile; fileRef = 35EE202C1B457BD300C92DE4 /* EventBus.swift */; };
		35EE20541B457BD300C92DE4 /* Array+Ext.swift in Sources */ = {isa = PBXBuildFile; fileRef = 35EE202E1B457BD300C92DE4 /* Array+Ext.swift */; };
		35EE20551B457BD300C92DE4 /* PromiseKit+Ext.swift in Sources */ = {isa = PBXBuildFile; fileRef = 35EE202F1B457BD300C92DE4 /* PromiseKit+Ext.swift */; };
		35EE20561B457BD300C92DE4 /* Swift+Ext.swift in Sources */ = {isa = PBXBuildFile; fileRef = 35EE20301B457BD300C92DE4 /* Swift+Ext.swift */; };
		35EE20571B457BD300C92DE4 /* CameraSessionView.m in Sources */ = {isa = PBXBuildFile; fileRef = 35EE20351B457BD300C92DE4 /* CameraSessionView.m */; };
		35EE20581B457BD300C92DE4 /* CameraDismissButton.m in Sources */ = {isa = PBXBuildFile; fileRef = 35EE20391B457BD300C92DE4 /* CameraDismissButton.m */; };
		35EE20591B457BD300C92DE4 /* CameraFlashButton.m in Sources */ = {isa = PBXBuildFile; fileRef = 35EE203B1B457BD300C92DE4 /* CameraFlashButton.m */; };
		35EE205A1B457BD300C92DE4 /* CameraFocalReticule.m in Sources */ = {isa = PBXBuildFile; fileRef = 35EE203D1B457BD300C92DE4 /* CameraFocalReticule.m */; };
		35EE205B1B457BD300C92DE4 /* CameraShutterButton.m in Sources */ = {isa = PBXBuildFile; fileRef = 35EE203F1B457BD300C92DE4 /* CameraShutterButton.m */; };
		35EE205C1B457BD300C92DE4 /* CameraToggleButton.m in Sources */ = {isa = PBXBuildFile; fileRef = 35EE20411B457BD300C92DE4 /* CameraToggleButton.m */; };
		35EE205D1B457BD300C92DE4 /* LaunchCameraButton.m in Sources */ = {isa = PBXBuildFile; fileRef = 35EE20431B457BD300C92DE4 /* LaunchCameraButton.m */; };
		35EE205E1B457BD300C92DE4 /* Cool Camera Mockup.sketch in Resources */ = {isa = PBXBuildFile; fileRef = 35EE20441B457BD300C92DE4 /* Cool Camera Mockup.sketch */; };
		35EE205F1B457BD300C92DE4 /* PaintCodeFile.pcvd in Resources */ = {isa = PBXBuildFile; fileRef = 35EE20451B457BD300C92DE4 /* PaintCodeFile.pcvd */; };
		35EE20601B457BD300C92DE4 /* CameraStyleKitClass.m in Sources */ = {isa = PBXBuildFile; fileRef = 35EE20481B457BD300C92DE4 /* CameraStyleKitClass.m */; };
		35EE20611B457BD300C92DE4 /* CaptureSessionManager.m in Sources */ = {isa = PBXBuildFile; fileRef = 35EE204B1B457BD300C92DE4 /* CaptureSessionManager.m */; };
		35EE20621B457BD300C92DE4 /* Constants.m in Sources */ = {isa = PBXBuildFile; fileRef = 35EE204D1B457BD300C92DE4 /* Constants.m */; };
		35EE20631B457BD300C92DE4 /* UIView+Toast.m in Sources */ = {isa = PBXBuildFile; fileRef = 35EE20501B457BD300C92DE4 /* UIView+Toast.m */; };
		35EE20671B457C0100C92DE4 /* AVPlayerView.m in Sources */ = {isa = PBXBuildFile; fileRef = 35EE20661B457C0100C92DE4 /* AVPlayerView.m */; };
		35EE206B1B457C6900C92DE4 /* Main.storyboard in Resources */ = {isa = PBXBuildFile; fileRef = 35EE20691B457C6900C92DE4 /* Main.storyboard */; };
		35EE206C1B457C6900C92DE4 /* ViewController.swift in Sources */ = {isa = PBXBuildFile; fileRef = 35EE206A1B457C6900C92DE4 /* ViewController.swift */; };
		35EE206E1B47D04E00C92DE4 /* MapKit.framework in Frameworks */ = {isa = PBXBuildFile; fileRef = 35EE206D1B47D04E00C92DE4 /* MapKit.framework */; };
		35EE20701B47D05800C92DE4 /* CoreLocation.framework in Frameworks */ = {isa = PBXBuildFile; fileRef = 35EE206F1B47D05800C92DE4 /* CoreLocation.framework */; };
		35EE20731B47DC1000C92DE4 /* url_schemes.json in Resources */ = {isa = PBXBuildFile; fileRef = 35EE20721B47DC1000C92DE4 /* url_schemes.json */; };
		35EE207B1B47F1F900C92DE4 /* LaunchScreen.xib in Resources */ = {isa = PBXBuildFile; fileRef = 35EE1FFF1B45768B00C92DE4 /* LaunchScreen.xib */; };
		35EE207D1B47F22C00C92DE4 /* CoreBluetooth.framework in Frameworks */ = {isa = PBXBuildFile; fileRef = 35EE207C1B47F22C00C92DE4 /* CoreBluetooth.framework */; };
		35EE207F1B47F24200C92DE4 /* AudioToolbox.framework in Frameworks */ = {isa = PBXBuildFile; fileRef = 35EE207E1B47F24200C92DE4 /* AudioToolbox.framework */; };
		35EE20821B47F2C900C92DE4 /* PresentationViewController.swift in Sources */ = {isa = PBXBuildFile; fileRef = 35EE20801B47F2C900C92DE4 /* PresentationViewController.swift */; };
		35EE20831B47F2C900C92DE4 /* PresentationViewController.xib in Resources */ = {isa = PBXBuildFile; fileRef = 35EE20811B47F2C900C92DE4 /* PresentationViewController.xib */; };
		35EE208A1B47F6B000C92DE4 /* sample.m4v in Resources */ = {isa = PBXBuildFile; fileRef = 35EE20891B47F6B000C92DE4 /* sample.m4v */; };
		35EE208C1B47FCED00C92DE4 /* MyQuiz.swift in Sources */ = {isa = PBXBuildFile; fileRef = 35EE208B1B47FCED00C92DE4 /* MyQuiz.swift */; };
		35EE20901B47FDB700C92DE4 /* MyQuizViewController.storyboard in Resources */ = {isa = PBXBuildFile; fileRef = 35EE208E1B47FDB700C92DE4 /* MyQuizViewController.storyboard */; };
		35EE20911B47FDB700C92DE4 /* MyQuizViewController.swift in Sources */ = {isa = PBXBuildFile; fileRef = 35EE208F1B47FDB700C92DE4 /* MyQuizViewController.swift */; };
		35EE20931B47FE2E00C92DE4 /* MyQuizCollectionViewCell.swift in Sources */ = {isa = PBXBuildFile; fileRef = 35EE20921B47FE2E00C92DE4 /* MyQuizCollectionViewCell.swift */; };
		5C204D121B485916003852CA /* setting_ohako_bg@2x.png in Resources */ = {isa = PBXBuildFile; fileRef = 5C204D0C1B485916003852CA /* setting_ohako_bg@2x.png */; };
		5C204D131B485916003852CA /* settings_ohako_default@2x.png in Resources */ = {isa = PBXBuildFile; fileRef = 5C204D0D1B485916003852CA /* settings_ohako_default@2x.png */; };
		5C204D141B485916003852CA /* settings_ohako_kentei_button_default@2x.png in Resources */ = {isa = PBXBuildFile; fileRef = 5C204D0E1B485916003852CA /* settings_ohako_kentei_button_default@2x.png */; };
		5C204D151B485916003852CA /* settings_ohako_kentei_button_selected@2x.png in Resources */ = {isa = PBXBuildFile; fileRef = 5C204D0F1B485916003852CA /* settings_ohako_kentei_button_selected@2x.png */; };
		5C204D161B485916003852CA /* settings_ohako_selected@2x.png in Resources */ = {isa = PBXBuildFile; fileRef = 5C204D101B485916003852CA /* settings_ohako_selected@2x.png */; };
		5C204D171B485916003852CA /* settings_ohako_start_button@2x.png in Resources */ = {isa = PBXBuildFile; fileRef = 5C204D111B485916003852CA /* settings_ohako_start_button@2x.png */; };
		C986EDEFB8951476949FED82 /* Pods.framework in Frameworks */ = {isa = PBXBuildFile; fileRef = 3F1A743370D0FDF3F1155F43 /* Pods.framework */; settings = {ATTRIBUTES = (Weak, ); }; };
/* End PBXBuildFile section */

/* Begin PBXContainerItemProxy section */
		35EE20071B45768B00C92DE4 /* PBXContainerItemProxy */ = {
			isa = PBXContainerItemProxy;
			containerPortal = 35EE1FE91B45768B00C92DE4 /* Project object */;
			proxyType = 1;
			remoteGlobalIDString = 35EE1FF01B45768B00C92DE4;
			remoteInfo = spajam;
		};
/* End PBXContainerItemProxy section */

/* Begin PBXFileReference section */
		2B99ACC730962BD127416909 /* Pods.debug.xcconfig */ = {isa = PBXFileReference; includeInIndex = 1; lastKnownFileType = text.xcconfig; name = Pods.debug.xcconfig; path = "Pods/Target Support Files/Pods/Pods.debug.xcconfig"; sourceTree = "<group>"; };
		3597132D1B48A8CA00976153 /* icon@2x.png */ = {isa = PBXFileReference; lastKnownFileType = image.png; path = "icon@2x.png"; sourceTree = "<group>"; };
		3597132F1B48B0B800976153 /* color_pink@2x.png */ = {isa = PBXFileReference; lastKnownFileType = image.png; path = "color_pink@2x.png"; sourceTree = "<group>"; };
		359713321B48B28700976153 /* Answer.storyboard */ = {isa = PBXFileReference; fileEncoding = 4; lastKnownFileType = file.storyboard; path = Answer.storyboard; sourceTree = "<group>"; };
		359713341B48B55800976153 /* OhakoReceivedViewController.swift */ = {isa = PBXFileReference; fileEncoding = 4; lastKnownFileType = sourcecode.swift; path = OhakoReceivedViewController.swift; sourceTree = "<group>"; };
		359713361B48BB3200976153 /* AnswerViewController.swift */ = {isa = PBXFileReference; fileEncoding = 4; lastKnownFileType = sourcecode.swift; path = AnswerViewController.swift; sourceTree = "<group>"; };
		359713381B48C22E00976153 /* main_ballon_bg@2x.png */ = {isa = PBXFileReference; lastKnownFileType = image.png; path = "main_ballon_bg@2x.png"; sourceTree = "<group>"; };
		359713391B48C22E00976153 /* main_bg@2x.png */ = {isa = PBXFileReference; lastKnownFileType = image.png; path = "main_bg@2x.png"; sourceTree = "<group>"; };
		3597133A1B48C22E00976153 /* main_mock.png */ = {isa = PBXFileReference; lastKnownFileType = image.png; path = main_mock.png; sourceTree = "<group>"; };
		3597133B1B48C22E00976153 /* main_ohako_list_button@2x.png */ = {isa = PBXFileReference; lastKnownFileType = image.png; path = "main_ohako_list_button@2x.png"; sourceTree = "<group>"; };
		3597133C1B48C22E00976153 /* receive_ohako_dialog_bg@2x.png */ = {isa = PBXFileReference; lastKnownFileType = image.png; path = "receive_ohako_dialog_bg@2x.png"; sourceTree = "<group>"; };
		3597133D1B48C22E00976153 /* receive_ohako_dialog_cancel_button@2x.png */ = {isa = PBXFileReference; lastKnownFileType = image.png; path = "receive_ohako_dialog_cancel_button@2x.png"; sourceTree = "<group>"; };
		3597133E1B48C22E00976153 /* receive_ohako_dialog_mock.png */ = {isa = PBXFileReference; lastKnownFileType = image.png; path = receive_ohako_dialog_mock.png; sourceTree = "<group>"; };
		3597133F1B48C22E00976153 /* receive_ohako_dialog_open_button@2x.png */ = {isa = PBXFileReference; lastKnownFileType = image.png; path = "receive_ohako_dialog_open_button@2x.png"; sourceTree = "<group>"; };
		359713481B48CB3A00976153 /* MainRootView.swift */ = {isa = PBXFileReference; fileEncoding = 4; lastKnownFileType = sourcecode.swift; path = MainRootView.swift; sourceTree = "<group>"; };
		3597134A1B48CBE700976153 /* Friend.swift */ = {isa = PBXFileReference; fileEncoding = 4; lastKnownFileType = sourcecode.swift; path = Friend.swift; sourceTree = "<group>"; };
		3597134C1B48D3FA00976153 /* Splash@2x.png */ = {isa = PBXFileReference; lastKnownFileType = image.png; path = "Splash@2x.png"; sourceTree = "<group>"; };
		3597134E1B48D7A100976153 /* kentei_bg@2x.png */ = {isa = PBXFileReference; lastKnownFileType = image.png; path = "kentei_bg@2x.png"; sourceTree = "<group>"; };
		3597134F1B48D7A100976153 /* kentei_count_down_bg@2x.png */ = {isa = PBXFileReference; lastKnownFileType = image.png; path = "kentei_count_down_bg@2x.png"; sourceTree = "<group>"; };
		359713501B48D7A100976153 /* kentei_count_icon@2x.png */ = {isa = PBXFileReference; lastKnownFileType = image.png; path = "kentei_count_icon@2x.png"; sourceTree = "<group>"; };
		359713541B48DA2000976153 /* FriendBalloonView.xib */ = {isa = PBXFileReference; fileEncoding = 4; lastKnownFileType = file.xib; path = FriendBalloonView.xib; sourceTree = "<group>"; };
		359713561B48DB0A00976153 /* FriendBalloonView.swift */ = {isa = PBXFileReference; fileEncoding = 4; lastKnownFileType = sourcecode.swift; path = FriendBalloonView.swift; sourceTree = "<group>"; };
		359713581B48DB7000976153 /* QuartzCore.framework */ = {isa = PBXFileReference; lastKnownFileType = wrapper.framework; name = QuartzCore.framework; path = System/Library/Frameworks/QuartzCore.framework; sourceTree = SDKROOT; };
		35AF74421B488FBD003E7D88 /* AutoScaleView.swift */ = {isa = PBXFileReference; fileEncoding = 4; lastKnownFileType = sourcecode.swift; path = AutoScaleView.swift; sourceTree = "<group>"; };
		35AF74441B4895BB003E7D88 /* ohako_kentei_setting_1_button_default@2x.png */ = {isa = PBXFileReference; lastKnownFileType = image.png; path = "ohako_kentei_setting_1_button_default@2x.png"; sourceTree = "<group>"; };
		35AF74451B4895BB003E7D88 /* ohako_kentei_setting_1_button_selected@2x.png */ = {isa = PBXFileReference; lastKnownFileType = image.png; path = "ohako_kentei_setting_1_button_selected@2x.png"; sourceTree = "<group>"; };
		35AF74461B4895BB003E7D88 /* ohako_kentei_setting_2_button_default@2x.png */ = {isa = PBXFileReference; lastKnownFileType = image.png; path = "ohako_kentei_setting_2_button_default@2x.png"; sourceTree = "<group>"; };
		35AF74471B4895BB003E7D88 /* ohako_kentei_setting_2_button_selected@2x.png */ = {isa = PBXFileReference; lastKnownFileType = image.png; path = "ohako_kentei_setting_2_button_selected@2x.png"; sourceTree = "<group>"; };
		35AF74481B4895BB003E7D88 /* ohako_kentei_setting_3_button_default@2x.png */ = {isa = PBXFileReference; lastKnownFileType = image.png; path = "ohako_kentei_setting_3_button_default@2x.png"; sourceTree = "<group>"; };
		35AF74491B4895BB003E7D88 /* ohako_kentei_setting_3_button_selected@2x.png */ = {isa = PBXFileReference; lastKnownFileType = image.png; path = "ohako_kentei_setting_3_button_selected@2x.png"; sourceTree = "<group>"; };
		35AF744A1B4895BB003E7D88 /* ohako_kentei_setting_bg@2x.png */ = {isa = PBXFileReference; lastKnownFileType = image.png; path = "ohako_kentei_setting_bg@2x.png"; sourceTree = "<group>"; };
		35AF744B1B4895BB003E7D88 /* ohako_kentei_setting_close_button@2x.png */ = {isa = PBXFileReference; lastKnownFileType = image.png; path = "ohako_kentei_setting_close_button@2x.png"; sourceTree = "<group>"; };
		35AF744C1B4895BB003E7D88 /* ohako_kentei_setting_mock.png */ = {isa = PBXFileReference; lastKnownFileType = image.png; path = ohako_kentei_setting_mock.png; sourceTree = "<group>"; };
		35AF744D1B4895BB003E7D88 /* ohako_kentei_setting_ok_button@2x.png */ = {isa = PBXFileReference; lastKnownFileType = image.png; path = "ohako_kentei_setting_ok_button@2x.png"; sourceTree = "<group>"; };
		35AF74581B489DDF003E7D88 /* QuizRankChoiceView.swift */ = {isa = PBXFileReference; fileEncoding = 4; lastKnownFileType = sourcecode.swift; path = QuizRankChoiceView.swift; sourceTree = "<group>"; };
		35AF745A1B489DF2003E7D88 /* QuizRankChoiceView.xib */ = {isa = PBXFileReference; fileEncoding = 4; lastKnownFileType = file.xib; path = QuizRankChoiceView.xib; sourceTree = "<group>"; };
		35B1773F1B481527000FD71A /* Api.swift */ = {isa = PBXFileReference; fileEncoding = 4; lastKnownFileType = sourcecode.swift; path = Api.swift; sourceTree = "<group>"; };
		35B177411B48189B000FD71A /* SetQuizViewController.swift */ = {isa = PBXFileReference; fileEncoding = 4; lastKnownFileType = sourcecode.swift; path = SetQuizViewController.swift; sourceTree = "<group>"; };
		35B177431B482071000FD71A /* SetRankViewController.swift */ = {isa = PBXFileReference; fileEncoding = 4; lastKnownFileType = sourcecode.swift; path = SetRankViewController.swift; sourceTree = "<group>"; };
		35B177451B4823A1000FD71A /* User.swift */ = {isa = PBXFileReference; fileEncoding = 4; lastKnownFileType = sourcecode.swift; path = User.swift; sourceTree = "<group>"; };
		35B177471B484340000FD71A /* Quiz.swift */ = {isa = PBXFileReference; fileEncoding = 4; lastKnownFileType = sourcecode.swift; path = Quiz.swift; sourceTree = "<group>"; };
		35B177491B4846A9000FD71A /* MyQuizUpdatedEvent.swift */ = {isa = PBXFileReference; fileEncoding = 4; lastKnownFileType = sourcecode.swift; path = MyQuizUpdatedEvent.swift; sourceTree = "<group>"; };
		35EE1FF11B45768B00C92DE4 /* spajam.app */ = {isa = PBXFileReference; explicitFileType = wrapper.application; includeInIndex = 0; path = spajam.app; sourceTree = BUILT_PRODUCTS_DIR; };
		35EE1FF51B45768B00C92DE4 /* Info.plist */ = {isa = PBXFileReference; lastKnownFileType = text.plist.xml; path = Info.plist; sourceTree = "<group>"; };
		35EE1FFD1B45768B00C92DE4 /* Images.xcassets */ = {isa = PBXFileReference; lastKnownFileType = folder.assetcatalog; path = Images.xcassets; sourceTree = "<group>"; };
		35EE20001B45768B00C92DE4 /* Base */ = {isa = PBXFileReference; lastKnownFileType = file.xib; name = Base; path = Base.lproj/LaunchScreen.xib; sourceTree = "<group>"; };
		35EE20061B45768B00C92DE4 /* spajamTests.xctest */ = {isa = PBXFileReference; explicitFileType = wrapper.cfbundle; includeInIndex = 0; path = spajamTests.xctest; sourceTree = BUILT_PRODUCTS_DIR; };
		35EE200B1B45768B00C92DE4 /* Info.plist */ = {isa = PBXFileReference; lastKnownFileType = text.plist.xml; path = Info.plist; sourceTree = "<group>"; };
		35EE200C1B45768B00C92DE4 /* spajamTests.swift */ = {isa = PBXFileReference; lastKnownFileType = sourcecode.swift; path = spajamTests.swift; sourceTree = "<group>"; };
		35EE20171B457B2C00C92DE4 /* AppDelegate.swift */ = {isa = PBXFileReference; fileEncoding = 4; lastKnownFileType = sourcecode.swift; path = AppDelegate.swift; sourceTree = "<group>"; };
		35EE201D1B457B8900C92DE4 /* spajam-Bridging-Header.h */ = {isa = PBXFileReference; lastKnownFileType = sourcecode.c.h; path = "spajam-Bridging-Header.h"; sourceTree = "<group>"; };
		35EE20221B457BCA00C92DE4 /* AutoLayoutUtil.swift */ = {isa = PBXFileReference; fileEncoding = 4; lastKnownFileType = sourcecode.swift; path = AutoLayoutUtil.swift; sourceTree = "<group>"; };
		35EE20231B457BCA00C92DE4 /* FileUtil.swift */ = {isa = PBXFileReference; fileEncoding = 4; lastKnownFileType = sourcecode.swift; path = FileUtil.swift; sourceTree = "<group>"; };
		35EE20241B457BCA00C92DE4 /* ViewUtil.swift */ = {isa = PBXFileReference; fileEncoding = 4; lastKnownFileType = sourcecode.swift; path = ViewUtil.swift; sourceTree = "<group>"; };
		35EE20291B457BD300C92DE4 /* PhotoUtil.swift */ = {isa = PBXFileReference; fileEncoding = 4; lastKnownFileType = sourcecode.swift; path = PhotoUtil.swift; sourceTree = "<group>"; };
		35EE202B1B457BD300C92DE4 /* AbstractEvent.swift */ = {isa = PBXFileReference; fileEncoding = 4; lastKnownFileType = sourcecode.swift; path = AbstractEvent.swift; sourceTree = "<group>"; };
		35EE202C1B457BD300C92DE4 /* EventBus.swift */ = {isa = PBXFileReference; fileEncoding = 4; lastKnownFileType = sourcecode.swift; path = EventBus.swift; sourceTree = "<group>"; };
		35EE202E1B457BD300C92DE4 /* Array+Ext.swift */ = {isa = PBXFileReference; fileEncoding = 4; lastKnownFileType = sourcecode.swift; path = "Array+Ext.swift"; sourceTree = "<group>"; };
		35EE202F1B457BD300C92DE4 /* PromiseKit+Ext.swift */ = {isa = PBXFileReference; fileEncoding = 4; lastKnownFileType = sourcecode.swift; path = "PromiseKit+Ext.swift"; sourceTree = "<group>"; };
		35EE20301B457BD300C92DE4 /* Swift+Ext.swift */ = {isa = PBXFileReference; fileEncoding = 4; lastKnownFileType = sourcecode.swift; path = "Swift+Ext.swift"; sourceTree = "<group>"; };
		35EE20341B457BD300C92DE4 /* CameraSessionView.h */ = {isa = PBXFileReference; fileEncoding = 4; lastKnownFileType = sourcecode.c.h; path = CameraSessionView.h; sourceTree = "<group>"; };
		35EE20351B457BD300C92DE4 /* CameraSessionView.m */ = {isa = PBXFileReference; fileEncoding = 4; lastKnownFileType = sourcecode.c.objc; path = CameraSessionView.m; sourceTree = "<group>"; };
		35EE20381B457BD300C92DE4 /* CameraDismissButton.h */ = {isa = PBXFileReference; fileEncoding = 4; lastKnownFileType = sourcecode.c.h; path = CameraDismissButton.h; sourceTree = "<group>"; };
		35EE20391B457BD300C92DE4 /* CameraDismissButton.m */ = {isa = PBXFileReference; fileEncoding = 4; lastKnownFileType = sourcecode.c.objc; path = CameraDismissButton.m; sourceTree = "<group>"; };
		35EE203A1B457BD300C92DE4 /* CameraFlashButton.h */ = {isa = PBXFileReference; fileEncoding = 4; lastKnownFileType = sourcecode.c.h; path = CameraFlashButton.h; sourceTree = "<group>"; };
		35EE203B1B457BD300C92DE4 /* CameraFlashButton.m */ = {isa = PBXFileReference; fileEncoding = 4; lastKnownFileType = sourcecode.c.objc; path = CameraFlashButton.m; sourceTree = "<group>"; };
		35EE203C1B457BD300C92DE4 /* CameraFocalReticule.h */ = {isa = PBXFileReference; fileEncoding = 4; lastKnownFileType = sourcecode.c.h; path = CameraFocalReticule.h; sourceTree = "<group>"; };
		35EE203D1B457BD300C92DE4 /* CameraFocalReticule.m */ = {isa = PBXFileReference; fileEncoding = 4; lastKnownFileType = sourcecode.c.objc; path = CameraFocalReticule.m; sourceTree = "<group>"; };
		35EE203E1B457BD300C92DE4 /* CameraShutterButton.h */ = {isa = PBXFileReference; fileEncoding = 4; lastKnownFileType = sourcecode.c.h; path = CameraShutterButton.h; sourceTree = "<group>"; };
		35EE203F1B457BD300C92DE4 /* CameraShutterButton.m */ = {isa = PBXFileReference; fileEncoding = 4; lastKnownFileType = sourcecode.c.objc; path = CameraShutterButton.m; sourceTree = "<group>"; };
		35EE20401B457BD300C92DE4 /* CameraToggleButton.h */ = {isa = PBXFileReference; fileEncoding = 4; lastKnownFileType = sourcecode.c.h; path = CameraToggleButton.h; sourceTree = "<group>"; };
		35EE20411B457BD300C92DE4 /* CameraToggleButton.m */ = {isa = PBXFileReference; fileEncoding = 4; lastKnownFileType = sourcecode.c.objc; path = CameraToggleButton.m; sourceTree = "<group>"; };
		35EE20421B457BD300C92DE4 /* LaunchCameraButton.h */ = {isa = PBXFileReference; fileEncoding = 4; lastKnownFileType = sourcecode.c.h; path = LaunchCameraButton.h; sourceTree = "<group>"; };
		35EE20431B457BD300C92DE4 /* LaunchCameraButton.m */ = {isa = PBXFileReference; fileEncoding = 4; lastKnownFileType = sourcecode.c.objc; path = LaunchCameraButton.m; sourceTree = "<group>"; };
		35EE20441B457BD300C92DE4 /* Cool Camera Mockup.sketch */ = {isa = PBXFileReference; lastKnownFileType = file; path = "Cool Camera Mockup.sketch"; sourceTree = "<group>"; };
		35EE20451B457BD300C92DE4 /* PaintCodeFile.pcvd */ = {isa = PBXFileReference; lastKnownFileType = file.bplist; path = PaintCodeFile.pcvd; sourceTree = "<group>"; };
		35EE20471B457BD300C92DE4 /* CameraStyleKitClass.h */ = {isa = PBXFileReference; fileEncoding = 4; lastKnownFileType = sourcecode.c.h; path = CameraStyleKitClass.h; sourceTree = "<group>"; };
		35EE20481B457BD300C92DE4 /* CameraStyleKitClass.m */ = {isa = PBXFileReference; fileEncoding = 4; lastKnownFileType = sourcecode.c.objc; path = CameraStyleKitClass.m; sourceTree = "<group>"; };
		35EE204A1B457BD300C92DE4 /* CaptureSessionManager.h */ = {isa = PBXFileReference; fileEncoding = 4; lastKnownFileType = sourcecode.c.h; path = CaptureSessionManager.h; sourceTree = "<group>"; };
		35EE204B1B457BD300C92DE4 /* CaptureSessionManager.m */ = {isa = PBXFileReference; fileEncoding = 4; lastKnownFileType = sourcecode.c.objc; path = CaptureSessionManager.m; sourceTree = "<group>"; };
		35EE204C1B457BD300C92DE4 /* Constants.h */ = {isa = PBXFileReference; fileEncoding = 4; lastKnownFileType = sourcecode.c.h; path = Constants.h; sourceTree = "<group>"; };
		35EE204D1B457BD300C92DE4 /* Constants.m */ = {isa = PBXFileReference; fileEncoding = 4; lastKnownFileType = sourcecode.c.objc; path = Constants.m; sourceTree = "<group>"; };
		35EE204F1B457BD300C92DE4 /* UIView+Toast.h */ = {isa = PBXFileReference; fileEncoding = 4; lastKnownFileType = sourcecode.c.h; path = "UIView+Toast.h"; sourceTree = "<group>"; };
		35EE20501B457BD300C92DE4 /* UIView+Toast.m */ = {isa = PBXFileReference; fileEncoding = 4; lastKnownFileType = sourcecode.c.objc; path = "UIView+Toast.m"; sourceTree = "<group>"; };
		35EE20651B457C0100C92DE4 /* AVPlayerView.h */ = {isa = PBXFileReference; fileEncoding = 4; lastKnownFileType = sourcecode.c.h; path = AVPlayerView.h; sourceTree = "<group>"; };
		35EE20661B457C0100C92DE4 /* AVPlayerView.m */ = {isa = PBXFileReference; fileEncoding = 4; lastKnownFileType = sourcecode.c.objc; path = AVPlayerView.m; sourceTree = "<group>"; };
		35EE20691B457C6900C92DE4 /* Main.storyboard */ = {isa = PBXFileReference; fileEncoding = 4; lastKnownFileType = file.storyboard; path = Main.storyboard; sourceTree = "<group>"; };
		35EE206A1B457C6900C92DE4 /* ViewController.swift */ = {isa = PBXFileReference; fileEncoding = 4; lastKnownFileType = sourcecode.swift; path = ViewController.swift; sourceTree = "<group>"; };
		35EE206D1B47D04E00C92DE4 /* MapKit.framework */ = {isa = PBXFileReference; lastKnownFileType = wrapper.framework; name = MapKit.framework; path = System/Library/Frameworks/MapKit.framework; sourceTree = SDKROOT; };
		35EE206F1B47D05800C92DE4 /* CoreLocation.framework */ = {isa = PBXFileReference; lastKnownFileType = wrapper.framework; name = CoreLocation.framework; path = System/Library/Frameworks/CoreLocation.framework; sourceTree = SDKROOT; };
		35EE20721B47DC1000C92DE4 /* url_schemes.json */ = {isa = PBXFileReference; fileEncoding = 4; lastKnownFileType = text.json; path = url_schemes.json; sourceTree = "<group>"; };
		35EE207C1B47F22C00C92DE4 /* CoreBluetooth.framework */ = {isa = PBXFileReference; lastKnownFileType = wrapper.framework; name = CoreBluetooth.framework; path = System/Library/Frameworks/CoreBluetooth.framework; sourceTree = SDKROOT; };
		35EE207E1B47F24200C92DE4 /* AudioToolbox.framework */ = {isa = PBXFileReference; lastKnownFileType = wrapper.framework; name = AudioToolbox.framework; path = System/Library/Frameworks/AudioToolbox.framework; sourceTree = SDKROOT; };
		35EE20801B47F2C900C92DE4 /* PresentationViewController.swift */ = {isa = PBXFileReference; fileEncoding = 4; lastKnownFileType = sourcecode.swift; path = PresentationViewController.swift; sourceTree = "<group>"; };
		35EE20811B47F2C900C92DE4 /* PresentationViewController.xib */ = {isa = PBXFileReference; fileEncoding = 4; lastKnownFileType = file.xib; path = PresentationViewController.xib; sourceTree = "<group>"; };
		35EE20891B47F6B000C92DE4 /* sample.m4v */ = {isa = PBXFileReference; lastKnownFileType = file; path = sample.m4v; sourceTree = "<group>"; };
		35EE208B1B47FCED00C92DE4 /* MyQuiz.swift */ = {isa = PBXFileReference; fileEncoding = 4; lastKnownFileType = sourcecode.swift; path = MyQuiz.swift; sourceTree = "<group>"; };
		35EE208E1B47FDB700C92DE4 /* MyQuizViewController.storyboard */ = {isa = PBXFileReference; fileEncoding = 4; lastKnownFileType = file.storyboard; path = MyQuizViewController.storyboard; sourceTree = "<group>"; };
		35EE208F1B47FDB700C92DE4 /* MyQuizViewController.swift */ = {isa = PBXFileReference; fileEncoding = 4; lastKnownFileType = sourcecode.swift; path = MyQuizViewController.swift; sourceTree = "<group>"; };
		35EE20921B47FE2E00C92DE4 /* MyQuizCollectionViewCell.swift */ = {isa = PBXFileReference; fileEncoding = 4; lastKnownFileType = sourcecode.swift; path = MyQuizCollectionViewCell.swift; sourceTree = "<group>"; };
		3F1A743370D0FDF3F1155F43 /* Pods.framework */ = {isa = PBXFileReference; explicitFileType = wrapper.framework; includeInIndex = 0; path = Pods.framework; sourceTree = BUILT_PRODUCTS_DIR; };
		5C204D0C1B485916003852CA /* setting_ohako_bg@2x.png */ = {isa = PBXFileReference; lastKnownFileType = image.png; path = "setting_ohako_bg@2x.png"; sourceTree = "<group>"; };
		5C204D0D1B485916003852CA /* settings_ohako_default@2x.png */ = {isa = PBXFileReference; lastKnownFileType = image.png; path = "settings_ohako_default@2x.png"; sourceTree = "<group>"; };
		5C204D0E1B485916003852CA /* settings_ohako_kentei_button_default@2x.png */ = {isa = PBXFileReference; lastKnownFileType = image.png; path = "settings_ohako_kentei_button_default@2x.png"; sourceTree = "<group>"; };
		5C204D0F1B485916003852CA /* settings_ohako_kentei_button_selected@2x.png */ = {isa = PBXFileReference; lastKnownFileType = image.png; path = "settings_ohako_kentei_button_selected@2x.png"; sourceTree = "<group>"; };
		5C204D101B485916003852CA /* settings_ohako_selected@2x.png */ = {isa = PBXFileReference; lastKnownFileType = image.png; path = "settings_ohako_selected@2x.png"; sourceTree = "<group>"; };
		5C204D111B485916003852CA /* settings_ohako_start_button@2x.png */ = {isa = PBXFileReference; lastKnownFileType = image.png; path = "settings_ohako_start_button@2x.png"; sourceTree = "<group>"; };
		CD42F5D5EA05AC7C02439E5E /* Pods.release.xcconfig */ = {isa = PBXFileReference; includeInIndex = 1; lastKnownFileType = text.xcconfig; name = Pods.release.xcconfig; path = "Pods/Target Support Files/Pods/Pods.release.xcconfig"; sourceTree = "<group>"; };
/* End PBXFileReference section */

/* Begin PBXFrameworksBuildPhase section */
		35EE1FEE1B45768B00C92DE4 /* Frameworks */ = {
			isa = PBXFrameworksBuildPhase;
			buildActionMask = 2147483647;
			files = (
				359713591B48DB7000976153 /* QuartzCore.framework in Frameworks */,
				35EE207F1B47F24200C92DE4 /* AudioToolbox.framework in Frameworks */,
				35EE207D1B47F22C00C92DE4 /* CoreBluetooth.framework in Frameworks */,
				35EE20701B47D05800C92DE4 /* CoreLocation.framework in Frameworks */,
				35EE206E1B47D04E00C92DE4 /* MapKit.framework in Frameworks */,
				C986EDEFB8951476949FED82 /* Pods.framework in Frameworks */,
			);
			runOnlyForDeploymentPostprocessing = 0;
		};
		35EE20031B45768B00C92DE4 /* Frameworks */ = {
			isa = PBXFrameworksBuildPhase;
			buildActionMask = 2147483647;
			files = (
			);
			runOnlyForDeploymentPostprocessing = 0;
		};
/* End PBXFrameworksBuildPhase section */

/* Begin PBXGroup section */
		359713311B48B27E00976153 /* answer */ = {
			isa = PBXGroup;
			children = (
				359713321B48B28700976153 /* Answer.storyboard */,
				359713341B48B55800976153 /* OhakoReceivedViewController.swift */,
				359713361B48BB3200976153 /* AnswerViewController.swift */,
			);
			path = answer;
			sourceTree = "<group>";
		};
		35EE1FE81B45768B00C92DE4 = {
			isa = PBXGroup;
			children = (
				35EE1FF31B45768B00C92DE4 /* spajam */,
				35EE20091B45768B00C92DE4 /* spajamTests */,
				35EE1FF21B45768B00C92DE4 /* Products */,
				7F290EFE4AD1B9252B568A8F /* Pods */,
				70968FA8193D2C0207920E93 /* Frameworks */,
			);
			sourceTree = "<group>";
		};
		35EE1FF21B45768B00C92DE4 /* Products */ = {
			isa = PBXGroup;
			children = (
				35EE1FF11B45768B00C92DE4 /* spajam.app */,
				35EE20061B45768B00C92DE4 /* spajamTests.xctest */,
			);
			name = Products;
			sourceTree = "<group>";
		};
		35EE1FF31B45768B00C92DE4 /* spajam */ = {
			isa = PBXGroup;
			children = (
				35EE20161B457B2C00C92DE4 /* src */,
				5C204D0B1B485916003852CA /* images */,
				35EE1FFD1B45768B00C92DE4 /* Images.xcassets */,
				35EE1FFF1B45768B00C92DE4 /* LaunchScreen.xib */,
				35EE1FF41B45768B00C92DE4 /* Supporting Files */,
			);
			path = spajam;
			sourceTree = "<group>";
		};
		35EE1FF41B45768B00C92DE4 /* Supporting Files */ = {
			isa = PBXGroup;
			children = (
				35EE1FF51B45768B00C92DE4 /* Info.plist */,
			);
			name = "Supporting Files";
			sourceTree = "<group>";
		};
		35EE20091B45768B00C92DE4 /* spajamTests */ = {
			isa = PBXGroup;
			children = (
				35EE200C1B45768B00C92DE4 /* spajamTests.swift */,
				35EE200A1B45768B00C92DE4 /* Supporting Files */,
			);
			path = spajamTests;
			sourceTree = "<group>";
		};
		35EE200A1B45768B00C92DE4 /* Supporting Files */ = {
			isa = PBXGroup;
			children = (
				35EE200B1B45768B00C92DE4 /* Info.plist */,
			);
			name = "Supporting Files";
			sourceTree = "<group>";
		};
		35EE20161B457B2C00C92DE4 /* src */ = {
			isa = PBXGroup;
			children = (
				35EE20841B47F3E600C92DE4 /* api */,
				35EE20681B457C6900C92DE4 /* controller */,
				35EE20281B457BD300C92DE4 /* device */,
				35EE202A1B457BD300C92DE4 /* event */,
				35EE202D1B457BD300C92DE4 /* ext */,
				35EE20311B457BD300C92DE4 /* libs */,
				35EE20641B457C0100C92DE4 /* presentation */,
				35EE20711B47DBDB00C92DE4 /* resources */,
				35EE20211B457BCA00C92DE4 /* util */,
				35EE20171B457B2C00C92DE4 /* AppDelegate.swift */,
				35EE201D1B457B8900C92DE4 /* spajam-Bridging-Header.h */,
			);
			path = src;
			sourceTree = "<group>";
		};
		35EE20211B457BCA00C92DE4 /* util */ = {
			isa = PBXGroup;
			children = (
				35EE20221B457BCA00C92DE4 /* AutoLayoutUtil.swift */,
				35EE20231B457BCA00C92DE4 /* FileUtil.swift */,
				35EE20241B457BCA00C92DE4 /* ViewUtil.swift */,
				35AF74421B488FBD003E7D88 /* AutoScaleView.swift */,
			);
			path = util;
			sourceTree = "<group>";
		};
		35EE20281B457BD300C92DE4 /* device */ = {
			isa = PBXGroup;
			children = (
				35EE20291B457BD300C92DE4 /* PhotoUtil.swift */,
			);
			path = device;
			sourceTree = "<group>";
		};
		35EE202A1B457BD300C92DE4 /* event */ = {
			isa = PBXGroup;
			children = (
				35EE202B1B457BD300C92DE4 /* AbstractEvent.swift */,
				35EE202C1B457BD300C92DE4 /* EventBus.swift */,
				35B177491B4846A9000FD71A /* MyQuizUpdatedEvent.swift */,
			);
			path = event;
			sourceTree = "<group>";
		};
		35EE202D1B457BD300C92DE4 /* ext */ = {
			isa = PBXGroup;
			children = (
				35EE202E1B457BD300C92DE4 /* Array+Ext.swift */,
				35EE202F1B457BD300C92DE4 /* PromiseKit+Ext.swift */,
				35EE20301B457BD300C92DE4 /* Swift+Ext.swift */,
			);
			path = ext;
			sourceTree = "<group>";
		};
		35EE20311B457BD300C92DE4 /* libs */ = {
			isa = PBXGroup;
			children = (
				35EE20321B457BD300C92DE4 /* CustomizableCamera */,
				35EE204E1B457BD300C92DE4 /* Toast */,
			);
			path = libs;
			sourceTree = "<group>";
		};
		35EE20321B457BD300C92DE4 /* CustomizableCamera */ = {
			isa = PBXGroup;
			children = (
				35EE20331B457BD300C92DE4 /* Camera View */,
				35EE20361B457BD300C92DE4 /* Graphical Assets */,
				35EE20491B457BD300C92DE4 /* Model Classes */,
			);
			path = CustomizableCamera;
			sourceTree = "<group>";
		};
		35EE20331B457BD300C92DE4 /* Camera View */ = {
			isa = PBXGroup;
			children = (
				35EE20341B457BD300C92DE4 /* CameraSessionView.h */,
				35EE20351B457BD300C92DE4 /* CameraSessionView.m */,
			);
			path = "Camera View";
			sourceTree = "<group>";
		};
		35EE20361B457BD300C92DE4 /* Graphical Assets */ = {
			isa = PBXGroup;
			children = (
				35EE20371B457BD300C92DE4 /* CameraViewComponents */,
				35EE20441B457BD300C92DE4 /* Cool Camera Mockup.sketch */,
				35EE20451B457BD300C92DE4 /* PaintCodeFile.pcvd */,
				35EE20461B457BD300C92DE4 /* UI Assets */,
			);
			path = "Graphical Assets";
			sourceTree = "<group>";
		};
		35EE20371B457BD300C92DE4 /* CameraViewComponents */ = {
			isa = PBXGroup;
			children = (
				35EE20381B457BD300C92DE4 /* CameraDismissButton.h */,
				35EE20391B457BD300C92DE4 /* CameraDismissButton.m */,
				35EE203A1B457BD300C92DE4 /* CameraFlashButton.h */,
				35EE203B1B457BD300C92DE4 /* CameraFlashButton.m */,
				35EE203C1B457BD300C92DE4 /* CameraFocalReticule.h */,
				35EE203D1B457BD300C92DE4 /* CameraFocalReticule.m */,
				35EE203E1B457BD300C92DE4 /* CameraShutterButton.h */,
				35EE203F1B457BD300C92DE4 /* CameraShutterButton.m */,
				35EE20401B457BD300C92DE4 /* CameraToggleButton.h */,
				35EE20411B457BD300C92DE4 /* CameraToggleButton.m */,
				35EE20421B457BD300C92DE4 /* LaunchCameraButton.h */,
				35EE20431B457BD300C92DE4 /* LaunchCameraButton.m */,
			);
			path = CameraViewComponents;
			sourceTree = "<group>";
		};
		35EE20461B457BD300C92DE4 /* UI Assets */ = {
			isa = PBXGroup;
			children = (
				35EE20471B457BD300C92DE4 /* CameraStyleKitClass.h */,
				35EE20481B457BD300C92DE4 /* CameraStyleKitClass.m */,
			);
			path = "UI Assets";
			sourceTree = "<group>";
		};
		35EE20491B457BD300C92DE4 /* Model Classes */ = {
			isa = PBXGroup;
			children = (
				35EE204A1B457BD300C92DE4 /* CaptureSessionManager.h */,
				35EE204B1B457BD300C92DE4 /* CaptureSessionManager.m */,
				35EE204C1B457BD300C92DE4 /* Constants.h */,
				35EE204D1B457BD300C92DE4 /* Constants.m */,
			);
			path = "Model Classes";
			sourceTree = "<group>";
		};
		35EE204E1B457BD300C92DE4 /* Toast */ = {
			isa = PBXGroup;
			children = (
				35EE204F1B457BD300C92DE4 /* UIView+Toast.h */,
				35EE20501B457BD300C92DE4 /* UIView+Toast.m */,
			);
			path = Toast;
			sourceTree = "<group>";
		};
		35EE20641B457C0100C92DE4 /* presentation */ = {
			isa = PBXGroup;
			children = (
				35EE20801B47F2C900C92DE4 /* PresentationViewController.swift */,
				35EE20811B47F2C900C92DE4 /* PresentationViewController.xib */,
				35EE20651B457C0100C92DE4 /* AVPlayerView.h */,
				35EE20661B457C0100C92DE4 /* AVPlayerView.m */,
				35EE20891B47F6B000C92DE4 /* sample.m4v */,
			);
			path = presentation;
			sourceTree = "<group>";
		};
		35EE20681B457C6900C92DE4 /* controller */ = {
			isa = PBXGroup;
			children = (
				359713311B48B27E00976153 /* answer */,
				35EE208D1B47FDB700C92DE4 /* createquestion */,
				35EE20691B457C6900C92DE4 /* Main.storyboard */,
				35EE206A1B457C6900C92DE4 /* ViewController.swift */,
				359713481B48CB3A00976153 /* MainRootView.swift */,
				359713561B48DB0A00976153 /* FriendBalloonView.swift */,
				359713541B48DA2000976153 /* FriendBalloonView.xib */,
			);
			path = controller;
			sourceTree = "<group>";
		};
		35EE20711B47DBDB00C92DE4 /* resources */ = {
			isa = PBXGroup;
			children = (
				35EE20721B47DC1000C92DE4 /* url_schemes.json */,
			);
			path = resources;
			sourceTree = "<group>";
		};
		35EE20841B47F3E600C92DE4 /* api */ = {
			isa = PBXGroup;
			children = (
				35B1773F1B481527000FD71A /* Api.swift */,
				35B177451B4823A1000FD71A /* User.swift */,
				35EE208B1B47FCED00C92DE4 /* MyQuiz.swift */,
				35B177471B484340000FD71A /* Quiz.swift */,
				3597134A1B48CBE700976153 /* Friend.swift */,
			);
			path = api;
			sourceTree = "<group>";
		};
		35EE208D1B47FDB700C92DE4 /* createquestion */ = {
			isa = PBXGroup;
			children = (
				35EE208E1B47FDB700C92DE4 /* MyQuizViewController.storyboard */,
				35EE208F1B47FDB700C92DE4 /* MyQuizViewController.swift */,
				35EE20921B47FE2E00C92DE4 /* MyQuizCollectionViewCell.swift */,
				35B177411B48189B000FD71A /* SetQuizViewController.swift */,
				35AF74581B489DDF003E7D88 /* QuizRankChoiceView.swift */,
				35AF745A1B489DF2003E7D88 /* QuizRankChoiceView.xib */,
				35B177431B482071000FD71A /* SetRankViewController.swift */,
			);
			path = createquestion;
			sourceTree = "<group>";
		};
		5C204D0B1B485916003852CA /* images */ = {
			isa = PBXGroup;
			children = (
				3597134E1B48D7A100976153 /* kentei_bg@2x.png */,
				3597134F1B48D7A100976153 /* kentei_count_down_bg@2x.png */,
				359713501B48D7A100976153 /* kentei_count_icon@2x.png */,
				3597134C1B48D3FA00976153 /* Splash@2x.png */,
				359713381B48C22E00976153 /* main_ballon_bg@2x.png */,
				359713391B48C22E00976153 /* main_bg@2x.png */,
				3597133A1B48C22E00976153 /* main_mock.png */,
				3597133B1B48C22E00976153 /* main_ohako_list_button@2x.png */,
				3597133C1B48C22E00976153 /* receive_ohako_dialog_bg@2x.png */,
				3597133D1B48C22E00976153 /* receive_ohako_dialog_cancel_button@2x.png */,
				3597133E1B48C22E00976153 /* receive_ohako_dialog_mock.png */,
				3597133F1B48C22E00976153 /* receive_ohako_dialog_open_button@2x.png */,
				3597132F1B48B0B800976153 /* color_pink@2x.png */,
				3597132D1B48A8CA00976153 /* icon@2x.png */,
				35AF74441B4895BB003E7D88 /* ohako_kentei_setting_1_button_default@2x.png */,
				35AF74451B4895BB003E7D88 /* ohako_kentei_setting_1_button_selected@2x.png */,
				35AF74461B4895BB003E7D88 /* ohako_kentei_setting_2_button_default@2x.png */,
				35AF74471B4895BB003E7D88 /* ohako_kentei_setting_2_button_selected@2x.png */,
				35AF74481B4895BB003E7D88 /* ohako_kentei_setting_3_button_default@2x.png */,
				35AF74491B4895BB003E7D88 /* ohako_kentei_setting_3_button_selected@2x.png */,
				35AF744A1B4895BB003E7D88 /* ohako_kentei_setting_bg@2x.png */,
				35AF744B1B4895BB003E7D88 /* ohako_kentei_setting_close_button@2x.png */,
				35AF744C1B4895BB003E7D88 /* ohako_kentei_setting_mock.png */,
				35AF744D1B4895BB003E7D88 /* ohako_kentei_setting_ok_button@2x.png */,
				5C204D0C1B485916003852CA /* setting_ohako_bg@2x.png */,
				5C204D0D1B485916003852CA /* settings_ohako_default@2x.png */,
				5C204D0E1B485916003852CA /* settings_ohako_kentei_button_default@2x.png */,
				5C204D0F1B485916003852CA /* settings_ohako_kentei_button_selected@2x.png */,
				5C204D101B485916003852CA /* settings_ohako_selected@2x.png */,
				5C204D111B485916003852CA /* settings_ohako_start_button@2x.png */,
			);
			path = images;
			sourceTree = "<group>";
		};
		70968FA8193D2C0207920E93 /* Frameworks */ = {
			isa = PBXGroup;
			children = (
				359713581B48DB7000976153 /* QuartzCore.framework */,
				35EE207E1B47F24200C92DE4 /* AudioToolbox.framework */,
				35EE207C1B47F22C00C92DE4 /* CoreBluetooth.framework */,
				35EE206F1B47D05800C92DE4 /* CoreLocation.framework */,
				35EE206D1B47D04E00C92DE4 /* MapKit.framework */,
				3F1A743370D0FDF3F1155F43 /* Pods.framework */,
			);
			name = Frameworks;
			sourceTree = "<group>";
		};
		7F290EFE4AD1B9252B568A8F /* Pods */ = {
			isa = PBXGroup;
			children = (
				2B99ACC730962BD127416909 /* Pods.debug.xcconfig */,
				CD42F5D5EA05AC7C02439E5E /* Pods.release.xcconfig */,
			);
			name = Pods;
			sourceTree = "<group>";
		};
/* End PBXGroup section */

/* Begin PBXNativeTarget section */
		35EE1FF01B45768B00C92DE4 /* spajam */ = {
			isa = PBXNativeTarget;
			buildConfigurationList = 35EE20101B45768B00C92DE4 /* Build configuration list for PBXNativeTarget "spajam" */;
			buildPhases = (
				7928833082A2779592EFFB86 /* Check Pods Manifest.lock */,
				35EE1FED1B45768B00C92DE4 /* Sources */,
				35EE1FEE1B45768B00C92DE4 /* Frameworks */,
				35EE1FEF1B45768B00C92DE4 /* Resources */,
				38AA563D2F1A664165BAB60E /* Embed Pods Frameworks */,
				492C9C0D2E9D94D841589053 /* Copy Pods Resources */,
			);
			buildRules = (
			);
			dependencies = (
			);
			name = spajam;
			productName = spajam;
			productReference = 35EE1FF11B45768B00C92DE4 /* spajam.app */;
			productType = "com.apple.product-type.application";
		};
		35EE20051B45768B00C92DE4 /* spajamTests */ = {
			isa = PBXNativeTarget;
			buildConfigurationList = 35EE20131B45768B00C92DE4 /* Build configuration list for PBXNativeTarget "spajamTests" */;
			buildPhases = (
				35EE20021B45768B00C92DE4 /* Sources */,
				35EE20031B45768B00C92DE4 /* Frameworks */,
				35EE20041B45768B00C92DE4 /* Resources */,
			);
			buildRules = (
			);
			dependencies = (
				35EE20081B45768B00C92DE4 /* PBXTargetDependency */,
			);
			name = spajamTests;
			productName = spajamTests;
			productReference = 35EE20061B45768B00C92DE4 /* spajamTests.xctest */;
			productType = "com.apple.product-type.bundle.unit-test";
		};
/* End PBXNativeTarget section */

/* Begin PBXProject section */
		35EE1FE91B45768B00C92DE4 /* Project object */ = {
			isa = PBXProject;
			attributes = {
				LastUpgradeCheck = 0640;
				ORGANIZATIONNAME = "坂本尚嗣";
				TargetAttributes = {
					35EE1FF01B45768B00C92DE4 = {
						CreatedOnToolsVersion = 6.4;
						DevelopmentTeam = 5JHB3Z4BRX;
						SystemCapabilities = {
							com.apple.BackgroundModes = {
								enabled = 1;
							};
						};
					};
					35EE20051B45768B00C92DE4 = {
						CreatedOnToolsVersion = 6.4;
						TestTargetID = 35EE1FF01B45768B00C92DE4;
					};
				};
			};
			buildConfigurationList = 35EE1FEC1B45768B00C92DE4 /* Build configuration list for PBXProject "spajam" */;
			compatibilityVersion = "Xcode 3.2";
			developmentRegion = English;
			hasScannedForEncodings = 0;
			knownRegions = (
				en,
				Base,
			);
			mainGroup = 35EE1FE81B45768B00C92DE4;
			productRefGroup = 35EE1FF21B45768B00C92DE4 /* Products */;
			projectDirPath = "";
			projectRoot = "";
			targets = (
				35EE1FF01B45768B00C92DE4 /* spajam */,
				35EE20051B45768B00C92DE4 /* spajamTests */,
			);
		};
/* End PBXProject section */

/* Begin PBXResourcesBuildPhase section */
		35EE1FEF1B45768B00C92DE4 /* Resources */ = {
			isa = PBXResourcesBuildPhase;
			buildActionMask = 2147483647;
			files = (
				359713331B48B28700976153 /* Answer.storyboard in Resources */,
				359713511B48D7A100976153 /* kentei_bg@2x.png in Resources */,
				35AF745B1B489DF2003E7D88 /* QuizRankChoiceView.xib in Resources */,
				35EE207B1B47F1F900C92DE4 /* LaunchScreen.xib in Resources */,
				35AF74511B4895BB003E7D88 /* ohako_kentei_setting_2_button_selected@2x.png in Resources */,
				359713471B48C22E00976153 /* receive_ohako_dialog_open_button@2x.png in Resources */,
				35AF74531B4895BB003E7D88 /* ohako_kentei_setting_3_button_selected@2x.png in Resources */,
				359713521B48D7A100976153 /* kentei_count_down_bg@2x.png in Resources */,
				5C204D151B485916003852CA /* settings_ohako_kentei_button_selected@2x.png in Resources */,
				35EE208A1B47F6B000C92DE4 /* sample.m4v in Resources */,
				359713301B48B0B800976153 /* color_pink@2x.png in Resources */,
				35EE1FFE1B45768B00C92DE4 /* Images.xcassets in Resources */,
				35EE20831B47F2C900C92DE4 /* PresentationViewController.xib in Resources */,
				5C204D141B485916003852CA /* settings_ohako_kentei_button_default@2x.png in Resources */,
				35AF744E1B4895BB003E7D88 /* ohako_kentei_setting_1_button_default@2x.png in Resources */,
				359713461B48C22E00976153 /* receive_ohako_dialog_mock.png in Resources */,
				35EE20731B47DC1000C92DE4 /* url_schemes.json in Resources */,
				35AF74571B4895BB003E7D88 /* ohako_kentei_setting_ok_button@2x.png in Resources */,
				359713421B48C22E00976153 /* main_mock.png in Resources */,
				5C204D161B485916003852CA /* settings_ohako_selected@2x.png in Resources */,
				359713431B48C22E00976153 /* main_ohako_list_button@2x.png in Resources */,
				35EE20901B47FDB700C92DE4 /* MyQuizViewController.storyboard in Resources */,
				359713451B48C22E00976153 /* receive_ohako_dialog_cancel_button@2x.png in Resources */,
				359713401B48C22E00976153 /* main_ballon_bg@2x.png in Resources */,
				35AF74551B4895BB003E7D88 /* ohako_kentei_setting_close_button@2x.png in Resources */,
				359713411B48C22E00976153 /* main_bg@2x.png in Resources */,
				359713551B48DA2000976153 /* FriendBalloonView.xib in Resources */,
				35EE205F1B457BD300C92DE4 /* PaintCodeFile.pcvd in Resources */,
				35AF74541B4895BB003E7D88 /* ohako_kentei_setting_bg@2x.png in Resources */,
				35AF74521B4895BB003E7D88 /* ohako_kentei_setting_3_button_default@2x.png in Resources */,
				5C204D121B485916003852CA /* setting_ohako_bg@2x.png in Resources */,
				5C204D131B485916003852CA /* settings_ohako_default@2x.png in Resources */,
				5C204D171B485916003852CA /* settings_ohako_start_button@2x.png in Resources */,
				35EE206B1B457C6900C92DE4 /* Main.storyboard in Resources */,
				3597134D1B48D3FA00976153 /* Splash@2x.png in Resources */,
				35EE205E1B457BD300C92DE4 /* Cool Camera Mockup.sketch in Resources */,
				35AF744F1B4895BB003E7D88 /* ohako_kentei_setting_1_button_selected@2x.png in Resources */,
				359713531B48D7A100976153 /* kentei_count_icon@2x.png in Resources */,
				359713441B48C22E00976153 /* receive_ohako_dialog_bg@2x.png in Resources */,
				35AF74501B4895BB003E7D88 /* ohako_kentei_setting_2_button_default@2x.png in Resources */,
				35AF74561B4895BB003E7D88 /* ohako_kentei_setting_mock.png in Resources */,
				3597132E1B48A8CA00976153 /* icon@2x.png in Resources */,
			);
			runOnlyForDeploymentPostprocessing = 0;
		};
		35EE20041B45768B00C92DE4 /* Resources */ = {
			isa = PBXResourcesBuildPhase;
			buildActionMask = 2147483647;
			files = (
			);
			runOnlyForDeploymentPostprocessing = 0;
		};
/* End PBXResourcesBuildPhase section */

/* Begin PBXShellScriptBuildPhase section */
		38AA563D2F1A664165BAB60E /* Embed Pods Frameworks */ = {
			isa = PBXShellScriptBuildPhase;
			buildActionMask = 2147483647;
			files = (
			);
			inputPaths = (
			);
			name = "Embed Pods Frameworks";
			outputPaths = (
			);
			runOnlyForDeploymentPostprocessing = 0;
			shellPath = /bin/sh;
			shellScript = "\"${SRCROOT}/Pods/Target Support Files/Pods/Pods-frameworks.sh\"\n";
			showEnvVarsInLog = 0;
		};
		492C9C0D2E9D94D841589053 /* Copy Pods Resources */ = {
			isa = PBXShellScriptBuildPhase;
			buildActionMask = 2147483647;
			files = (
			);
			inputPaths = (
			);
			name = "Copy Pods Resources";
			outputPaths = (
			);
			runOnlyForDeploymentPostprocessing = 0;
			shellPath = /bin/sh;
			shellScript = "\"${SRCROOT}/Pods/Target Support Files/Pods/Pods-resources.sh\"\n";
			showEnvVarsInLog = 0;
		};
		7928833082A2779592EFFB86 /* Check Pods Manifest.lock */ = {
			isa = PBXShellScriptBuildPhase;
			buildActionMask = 2147483647;
			files = (
			);
			inputPaths = (
			);
			name = "Check Pods Manifest.lock";
			outputPaths = (
			);
			runOnlyForDeploymentPostprocessing = 0;
			shellPath = /bin/sh;
			shellScript = "diff \"${PODS_ROOT}/../Podfile.lock\" \"${PODS_ROOT}/Manifest.lock\" > /dev/null\nif [[ $? != 0 ]] ; then\n    cat << EOM\nerror: The sandbox is not in sync with the Podfile.lock. Run 'pod install' or update your CocoaPods installation.\nEOM\n    exit 1\nfi\n";
			showEnvVarsInLog = 0;
		};
/* End PBXShellScriptBuildPhase section */

/* Begin PBXSourcesBuildPhase section */
		35EE1FED1B45768B00C92DE4 /* Sources */ = {
			isa = PBXSourcesBuildPhase;
			buildActionMask = 2147483647;
			files = (
				35EE201A1B457B2C00C92DE4 /* AppDelegate.swift in Sources */,
				35EE20611B457BD300C92DE4 /* CaptureSessionManager.m in Sources */,
				35EE20521B457BD300C92DE4 /* AbstractEvent.swift in Sources */,
				35EE20251B457BCA00C92DE4 /* AutoLayoutUtil.swift in Sources */,
				35B177461B4823A1000FD71A /* User.swift in Sources */,
				359713371B48BB3200976153 /* AnswerViewController.swift in Sources */,
				35EE205D1B457BD300C92DE4 /* LaunchCameraButton.m in Sources */,
				35B177401B481527000FD71A /* Api.swift in Sources */,
				35EE208C1B47FCED00C92DE4 /* MyQuiz.swift in Sources */,
				359713351B48B55800976153 /* OhakoReceivedViewController.swift in Sources */,
				35EE20821B47F2C900C92DE4 /* PresentationViewController.swift in Sources */,
				35EE20621B457BD300C92DE4 /* Constants.m in Sources */,
				35B1774A1B4846A9000FD71A /* MyQuizUpdatedEvent.swift in Sources */,
				35EE206C1B457C6900C92DE4 /* ViewController.swift in Sources */,
				35EE20511B457BD300C92DE4 /* PhotoUtil.swift in Sources */,
				35AF74431B488FBD003E7D88 /* AutoScaleView.swift in Sources */,
				35EE205B1B457BD300C92DE4 /* CameraShutterButton.m in Sources */,
				35EE205C1B457BD300C92DE4 /* CameraToggleButton.m in Sources */,
				35B177481B484340000FD71A /* Quiz.swift in Sources */,
				35EE20931B47FE2E00C92DE4 /* MyQuizCollectionViewCell.swift in Sources */,
				359713571B48DB0A00976153 /* FriendBalloonView.swift in Sources */,
				35EE20601B457BD300C92DE4 /* CameraStyleKitClass.m in Sources */,
				35EE20531B457BD300C92DE4 /* EventBus.swift in Sources */,
				35EE20581B457BD300C92DE4 /* CameraDismissButton.m in Sources */,
				35B177421B48189B000FD71A /* SetQuizViewController.swift in Sources */,
				3597134B1B48CBE700976153 /* Friend.swift in Sources */,
				35AF74591B489DDF003E7D88 /* QuizRankChoiceView.swift in Sources */,
				35EE20571B457BD300C92DE4 /* CameraSessionView.m in Sources */,
				35EE20541B457BD300C92DE4 /* Array+Ext.swift in Sources */,
				35EE20911B47FDB700C92DE4 /* MyQuizViewController.swift in Sources */,
				35EE20591B457BD300C92DE4 /* CameraFlashButton.m in Sources */,
				359713491B48CB3A00976153 /* MainRootView.swift in Sources */,
				35EE20631B457BD300C92DE4 /* UIView+Toast.m in Sources */,
				35EE20261B457BCA00C92DE4 /* FileUtil.swift in Sources */,
				35EE20551B457BD300C92DE4 /* PromiseKit+Ext.swift in Sources */,
				35B177441B482071000FD71A /* SetRankViewController.swift in Sources */,
				35EE20671B457C0100C92DE4 /* AVPlayerView.m in Sources */,
				35EE20271B457BCA00C92DE4 /* ViewUtil.swift in Sources */,
				35EE205A1B457BD300C92DE4 /* CameraFocalReticule.m in Sources */,
				35EE20561B457BD300C92DE4 /* Swift+Ext.swift in Sources */,
			);
			runOnlyForDeploymentPostprocessing = 0;
		};
		35EE20021B45768B00C92DE4 /* Sources */ = {
			isa = PBXSourcesBuildPhase;
			buildActionMask = 2147483647;
			files = (
				35EE200D1B45768B00C92DE4 /* spajamTests.swift in Sources */,
			);
			runOnlyForDeploymentPostprocessing = 0;
		};
/* End PBXSourcesBuildPhase section */

/* Begin PBXTargetDependency section */
		35EE20081B45768B00C92DE4 /* PBXTargetDependency */ = {
			isa = PBXTargetDependency;
			target = 35EE1FF01B45768B00C92DE4 /* spajam */;
			targetProxy = 35EE20071B45768B00C92DE4 /* PBXContainerItemProxy */;
		};
/* End PBXTargetDependency section */

/* Begin PBXVariantGroup section */
		35EE1FFF1B45768B00C92DE4 /* LaunchScreen.xib */ = {
			isa = PBXVariantGroup;
			children = (
				35EE20001B45768B00C92DE4 /* Base */,
			);
			name = LaunchScreen.xib;
			sourceTree = "<group>";
		};
/* End PBXVariantGroup section */

/* Begin XCBuildConfiguration section */
		35EE200E1B45768B00C92DE4 /* Debug */ = {
			isa = XCBuildConfiguration;
			buildSettings = {
				ALWAYS_SEARCH_USER_PATHS = NO;
				CLANG_CXX_LANGUAGE_STANDARD = "gnu++0x";
				CLANG_CXX_LIBRARY = "libc++";
				CLANG_ENABLE_MODULES = YES;
				CLANG_ENABLE_OBJC_ARC = YES;
				CLANG_WARN_BOOL_CONVERSION = YES;
				CLANG_WARN_CONSTANT_CONVERSION = YES;
				CLANG_WARN_DIRECT_OBJC_ISA_USAGE = YES_ERROR;
				CLANG_WARN_EMPTY_BODY = YES;
				CLANG_WARN_ENUM_CONVERSION = YES;
				CLANG_WARN_INT_CONVERSION = YES;
				CLANG_WARN_OBJC_ROOT_CLASS = YES_ERROR;
				CLANG_WARN_UNREACHABLE_CODE = YES;
				CLANG_WARN__DUPLICATE_METHOD_MATCH = YES;
				"CODE_SIGN_IDENTITY[sdk=iphoneos*]" = "iPhone Developer";
				COPY_PHASE_STRIP = NO;
				DEBUG_INFORMATION_FORMAT = "dwarf-with-dsym";
				ENABLE_STRICT_OBJC_MSGSEND = YES;
				GCC_C_LANGUAGE_STANDARD = gnu99;
				GCC_DYNAMIC_NO_PIC = NO;
				GCC_NO_COMMON_BLOCKS = YES;
				GCC_OPTIMIZATION_LEVEL = 0;
				GCC_PREPROCESSOR_DEFINITIONS = (
					"DEBUG=1",
					"$(inherited)",
				);
				GCC_SYMBOLS_PRIVATE_EXTERN = NO;
				GCC_WARN_64_TO_32_BIT_CONVERSION = YES;
				GCC_WARN_ABOUT_RETURN_TYPE = YES_ERROR;
				GCC_WARN_UNDECLARED_SELECTOR = YES;
				GCC_WARN_UNINITIALIZED_AUTOS = YES_AGGRESSIVE;
				GCC_WARN_UNUSED_FUNCTION = YES;
				GCC_WARN_UNUSED_VARIABLE = YES;
				IPHONEOS_DEPLOYMENT_TARGET = 8.4;
				MTL_ENABLE_DEBUG_INFO = YES;
				ONLY_ACTIVE_ARCH = YES;
				SDKROOT = iphoneos;
				SWIFT_OPTIMIZATION_LEVEL = "-Onone";
			};
			name = Debug;
		};
		35EE200F1B45768B00C92DE4 /* Release */ = {
			isa = XCBuildConfiguration;
			buildSettings = {
				ALWAYS_SEARCH_USER_PATHS = NO;
				CLANG_CXX_LANGUAGE_STANDARD = "gnu++0x";
				CLANG_CXX_LIBRARY = "libc++";
				CLANG_ENABLE_MODULES = YES;
				CLANG_ENABLE_OBJC_ARC = YES;
				CLANG_WARN_BOOL_CONVERSION = YES;
				CLANG_WARN_CONSTANT_CONVERSION = YES;
				CLANG_WARN_DIRECT_OBJC_ISA_USAGE = YES_ERROR;
				CLANG_WARN_EMPTY_BODY = YES;
				CLANG_WARN_ENUM_CONVERSION = YES;
				CLANG_WARN_INT_CONVERSION = YES;
				CLANG_WARN_OBJC_ROOT_CLASS = YES_ERROR;
				CLANG_WARN_UNREACHABLE_CODE = YES;
				CLANG_WARN__DUPLICATE_METHOD_MATCH = YES;
				"CODE_SIGN_IDENTITY[sdk=iphoneos*]" = "iPhone Developer";
				COPY_PHASE_STRIP = NO;
				DEBUG_INFORMATION_FORMAT = "dwarf-with-dsym";
				ENABLE_NS_ASSERTIONS = NO;
				ENABLE_STRICT_OBJC_MSGSEND = YES;
				GCC_C_LANGUAGE_STANDARD = gnu99;
				GCC_NO_COMMON_BLOCKS = YES;
				GCC_WARN_64_TO_32_BIT_CONVERSION = YES;
				GCC_WARN_ABOUT_RETURN_TYPE = YES_ERROR;
				GCC_WARN_UNDECLARED_SELECTOR = YES;
				GCC_WARN_UNINITIALIZED_AUTOS = YES_AGGRESSIVE;
				GCC_WARN_UNUSED_FUNCTION = YES;
				GCC_WARN_UNUSED_VARIABLE = YES;
				IPHONEOS_DEPLOYMENT_TARGET = 8.4;
				MTL_ENABLE_DEBUG_INFO = NO;
				SDKROOT = iphoneos;
				VALIDATE_PRODUCT = YES;
			};
			name = Release;
		};
		35EE20111B45768B00C92DE4 /* Debug */ = {
			isa = XCBuildConfiguration;
			baseConfigurationReference = 2B99ACC730962BD127416909 /* Pods.debug.xcconfig */;
			buildSettings = {
				CLANG_ENABLE_MODULES = YES;
				CODE_SIGN_IDENTITY = "iPhone Developer";
				"CODE_SIGN_IDENTITY[sdk=iphoneos*]" = "iPhone Developer";
				INFOPLIST_FILE = spajam/Info.plist;
				LD_RUNPATH_SEARCH_PATHS = "$(inherited) @executable_path/Frameworks";
				PRODUCT_NAME = "$(TARGET_NAME)";
				PROVISIONING_PROFILE = "";
				SWIFT_OBJC_BRIDGING_HEADER = "spajam/src/spajam-Bridging-Header.h";
				SWIFT_OPTIMIZATION_LEVEL = "-Onone";
			};
			name = Debug;
		};
		35EE20121B45768B00C92DE4 /* Release */ = {
			isa = XCBuildConfiguration;
			baseConfigurationReference = CD42F5D5EA05AC7C02439E5E /* Pods.release.xcconfig */;
			buildSettings = {
				CLANG_ENABLE_MODULES = YES;
				CODE_SIGN_IDENTITY = "iPhone Developer";
				"CODE_SIGN_IDENTITY[sdk=iphoneos*]" = "iPhone Developer";
				INFOPLIST_FILE = spajam/Info.plist;
				LD_RUNPATH_SEARCH_PATHS = "$(inherited) @executable_path/Frameworks";
				PRODUCT_NAME = "$(TARGET_NAME)";
				PROVISIONING_PROFILE = "";
				SWIFT_OBJC_BRIDGING_HEADER = "spajam/src/spajam-Bridging-Header.h";
			};
			name = Release;
		};
		35EE20141B45768B00C92DE4 /* Debug */ = {
			isa = XCBuildConfiguration;
			buildSettings = {
				BUNDLE_LOADER = "$(TEST_HOST)";
				FRAMEWORK_SEARCH_PATHS = (
					"$(SDKROOT)/Developer/Library/Frameworks",
					"$(inherited)",
				);
				GCC_PREPROCESSOR_DEFINITIONS = (
					"DEBUG=1",
					"$(inherited)",
				);
				INFOPLIST_FILE = spajamTests/Info.plist;
				LD_RUNPATH_SEARCH_PATHS = "$(inherited) @executable_path/Frameworks @loader_path/Frameworks";
				PRODUCT_NAME = "$(TARGET_NAME)";
				TEST_HOST = "$(BUILT_PRODUCTS_DIR)/spajam.app/spajam";
			};
			name = Debug;
		};
		35EE20151B45768B00C92DE4 /* Release */ = {
			isa = XCBuildConfiguration;
			buildSettings = {
				BUNDLE_LOADER = "$(TEST_HOST)";
				FRAMEWORK_SEARCH_PATHS = (
					"$(SDKROOT)/Developer/Library/Frameworks",
					"$(inherited)",
				);
				INFOPLIST_FILE = spajamTests/Info.plist;
				LD_RUNPATH_SEARCH_PATHS = "$(inherited) @executable_path/Frameworks @loader_path/Frameworks";
				PRODUCT_NAME = "$(TARGET_NAME)";
				TEST_HOST = "$(BUILT_PRODUCTS_DIR)/spajam.app/spajam";
			};
			name = Release;
		};
/* End XCBuildConfiguration section */

/* Begin XCConfigurationList section */
		35EE1FEC1B45768B00C92DE4 /* Build configuration list for PBXProject "spajam" */ = {
			isa = XCConfigurationList;
			buildConfigurations = (
				35EE200E1B45768B00C92DE4 /* Debug */,
				35EE200F1B45768B00C92DE4 /* Release */,
			);
			defaultConfigurationIsVisible = 0;
			defaultConfigurationName = Release;
		};
		35EE20101B45768B00C92DE4 /* Build configuration list for PBXNativeTarget "spajam" */ = {
			isa = XCConfigurationList;
			buildConfigurations = (
				35EE20111B45768B00C92DE4 /* Debug */,
				35EE20121B45768B00C92DE4 /* Release */,
			);
			defaultConfigurationIsVisible = 0;
			defaultConfigurationName = Release;
		};
		35EE20131B45768B00C92DE4 /* Build configuration list for PBXNativeTarget "spajamTests" */ = {
			isa = XCConfigurationList;
			buildConfigurations = (
				35EE20141B45768B00C92DE4 /* Debug */,
				35EE20151B45768B00C92DE4 /* Release */,
			);
			defaultConfigurationIsVisible = 0;
			defaultConfigurationName = Release;
		};
/* End XCConfigurationList section */
	};
	rootObject = 35EE1FE91B45768B00C92DE4 /* Project object */;
}
